
Microsoft Visual Studio Solution File, Format Version 12.00
# Visual Studio Version 17
VisualStudioVersion = 17.5.002.0
MinimumVisualStudioVersion = 10.0.40219.1
Project("{9A19103F-16F7-4668-BE54-9A1E7A4F7556}") = "ex1", "ex1.csproj", "{126C030D-F983-4154-9F92-2E8AE0096B70}"
EndProject
Global
	GlobalSection(SolutionConfigurationPlatforms) = preSolution
		Debug|Any CPU = Debug|Any CPU
		Release|Any CPU = Release|Any CPU
	EndGlobalSection
	GlobalSection(ProjectConfigurationPlatforms) = postSolution
		{126C030D-F983-4154-9F92-2E8AE0096B70}.Debug|Any CPU.ActiveCfg = Debug|Any CPU
		{126C030D-F983-4154-9F92-2E8AE0096B70}.Debug|Any CPU.Build.0 = Debug|Any CPU
		{126C030D-F983-4154-9F92-2E8AE0096B70}.Release|Any CPU.ActiveCfg = Release|Any CPU
		{126C030D-F983-4154-9F92-2E8AE0096B70}.Release|Any CPU.Build.0 = Release|Any CPU
	EndGlobalSection
	GlobalSection(SolutionProperties) = preSolution
		HideSolutionNode = FALSE
	EndGlobalSection
	GlobalSection(ExtensibilityGlobals) = postSolution
		SolutionGuid = {41F70419-0F5E-41EA-8941-CC4563648F4C}
	EndGlobalSection
EndGlobal
